{
  "version": 4,
  "terraform_version": "1.5.7",
  "serial": 13,
  "lineage": "e009aacf-2dd7-5158-3f8b-a93e9eec1691",
  "outputs": {},
  "resources": [
    {
      "module": "module.az_keyvault",
      "mode": "data",
      "type": "azurerm_client_config",
      "name": "current",
      "provider": "module.az_keyvault.provider[\"registry.terraform.io/hashicorp/azurerm\"]",
      "instances": [
        {
          "schema_version": 0,
          "attributes": {
            "client_id": "04b07795-8ddb-461a-bbee-02f9e1bf7b46",
            "id": "Y2xpZW50Q29uZmlncy9jbGllbnRJZD0wNGIwNzc5NS04ZGRiLTQ2MWEtYmJlZS0wMmY5ZTFiZjdiNDY7b2JqZWN0SWQ9MDZkNDhiOGMtYmM1NS00YzU4LTkzNWUtOTY2ZTZjMmRlODEyO3N1YnNjcmlwdGlvbklkPWIxNDc2MjRiLTE5OWQtNDRkYy05OGZmLTM5NTNiMDBjODI4Nzt0ZW5hbnRJZD1iOWQ5YzdkNi1iODhiLTQ4NTYtOTEzMC1kMTljOWNkNzFlNzk=",
            "object_id": "06d48b8c-bc55-4c58-935e-966e6c2de812",
            "subscription_id": "b147624b-199d-44dc-98ff-3953b00c8287",
            "tenant_id": "b9d9c7d6-b88b-4856-9130-d19c9cd71e79",
            "timeouts": null
          },
          "sensitive_attributes": []
        }
      ]
    },
    {
      "module": "module.az_keyvault",
      "mode": "managed",
      "type": "azurerm_key_vault_secret",
      "name": "keyvault_secret",
      "provider": "module.az_keyvault.provider[\"registry.terraform.io/hashicorp/azurerm\"]",
      "instances": []
    },
    {
      "module": "module.az_keyvault",
      "mode": "managed",
      "type": "local_file",
      "name": "secret_file",
      "provider": "provider[\"registry.terraform.io/hashicorp/local\"]",
      "instances": [
        {
          "schema_version": 0,
          "attributes": {
            "content": "5JF8xgQfYYP@wQQjqN2MF%MCW5l48chaXdHI0OYvjSY%Fy9P_T78vdd3qvSQtM7P",
            "content_base64": null,
            "content_base64sha256": "T7wPiWPKjjgdoy8LGRK1DAo1wVJXoMQDCRg0zZZwwIg=",
            "content_base64sha512": "0KXuEPi+F0s7dWiMDM37KO6ZWleAj1par35JztNt12ChJqwipgKNwShEKPjSzYeGXFgSYEihqMujYvi+zVyyMQ==",
            "content_md5": "dea42d09d44a6d6db6d5b151eea8ec7d",
            "content_sha1": "44ed98695b845c6a51879e10178ea937b2b61b21",
            "content_sha256": "4fbc0f8963ca8e381da32f0b1912b50c0a35c15257a0c403091834cd9670c088",
            "content_sha512": "d0a5ee10f8be174b3b75688c0ccdfb28ee995a57808f5a5aaf7e49ced36dd760a126ac22a6028dc1284428f8d2cd87865c58126048a1a8cba362f8becd5cb231",
            "directory_permission": "0777",
            "file_permission": "0777",
            "filename": "output.tf",
            "id": "44ed98695b845c6a51879e10178ea937b2b61b21",
            "sensitive_content": null,
            "source": null
          },
          "sensitive_attributes": [
            [
              {
                "type": "get_attr",
                "value": "content"
              }
            ]
          ],
          "dependencies": [
            "module.az_keyvault.random_password.keyvault_secret"
          ]
        }
      ]
    },
    {
      "module": "module.az_keyvault",
      "mode": "managed",
      "type": "random_password",
      "name": "keyvault_secret",
      "provider": "provider[\"registry.terraform.io/hashicorp/random\"]",
      "instances": [
        {
          "schema_version": 3,
          "attributes": {
            "bcrypt_hash": "$2a$10$Wkp.Ya/QC8IbFXvG97/MBuZ043gSFn/kwhXi2ekR7A9SK0Gx3xisq",
            "id": "none",
            "keepers": null,
            "length": 64,
            "lower": true,
            "min_lower": 0,
            "min_numeric": 0,
            "min_special": 0,
            "min_upper": 0,
            "number": true,
            "numeric": true,
            "override_special": "_%@",
            "result": "5JF8xgQfYYP@wQQjqN2MF%MCW5l48chaXdHI0OYvjSY%Fy9P_T78vdd3qvSQtM7P",
            "special": true,
            "upper": true
          },
          "sensitive_attributes": []
        }
      ]
    },
    {
      "module": "module.keyvault_secret",
      "mode": "data",
      "type": "azurerm_client_config",
      "name": "current",
      "provider": "module.keyvault_secret.provider[\"registry.terraform.io/hashicorp/azurerm\"]",
      "instances": [
        {
          "schema_version": 0,
          "attributes": {
            "client_id": "04b07795-8ddb-461a-bbee-02f9e1bf7b46",
            "id": "Y2xpZW50Q29uZmlncy9jbGllbnRJZD0wNGIwNzc5NS04ZGRiLTQ2MWEtYmJlZS0wMmY5ZTFiZjdiNDY7b2JqZWN0SWQ9MDZkNDhiOGMtYmM1NS00YzU4LTkzNWUtOTY2ZTZjMmRlODEyO3N1YnNjcmlwdGlvbklkPWIxNDc2MjRiLTE5OWQtNDRkYy05OGZmLTM5NTNiMDBjODI4Nzt0ZW5hbnRJZD1iOWQ5YzdkNi1iODhiLTQ4NTYtOTEzMC1kMTljOWNkNzFlNzk=",
            "object_id": "06d48b8c-bc55-4c58-935e-966e6c2de812",
            "subscription_id": "b147624b-199d-44dc-98ff-3953b00c8287",
            "tenant_id": "b9d9c7d6-b88b-4856-9130-d19c9cd71e79",
            "timeouts": null
          },
          "sensitive_attributes": []
        }
      ]
    },
    {
      "module": "module.keyvault_secret",
      "mode": "managed",
      "type": "azurerm_key_vault",
      "name": "keyvault",
      "provider": "module.keyvault_secret.provider[\"registry.terraform.io/hashicorp/azurerm\"]",
      "instances": [
        {
          "schema_version": 2,
          "attributes": {
            "access_policy": [
              {
                "application_id": "",
                "certificate_permissions": null,
                "key_permissions": [
                  "Get",
                  "List",
                  "Sign"
                ],
                "object_id": "06d48b8c-bc55-4c58-935e-966e6c2de812",
                "secret_permissions": [
                  "Get",
                  "List"
                ],
                "storage_permissions": null,
                "tenant_id": "b9d9c7d6-b88b-4856-9130-d19c9cd71e79"
              }
            ],
            "contact": [],
            "enable_rbac_authorization": true,
            "enabled_for_deployment": true,
            "enabled_for_disk_encryption": true,
            "enabled_for_template_deployment": true,
            "id": "/subscriptions/b147624b-199d-44dc-98ff-3953b00c8287/resourceGroups/Gk-RG/providers/Microsoft.KeyVault/vaults/myclient-dev-keyvault",
            "location": "eastus",
            "name": "myclient-dev-keyvault",
            "network_acls": [
              {
                "bypass": "AzureServices",
                "default_action": "Allow",
                "ip_rules": [],
                "virtual_network_subnet_ids": []
              }
            ],
            "public_network_access_enabled": true,
            "purge_protection_enabled": false,
            "resource_group_name": "Gk-RG",
            "sku_name": "standard",
            "soft_delete_retention_days": 90,
            "tags": null,
            "tenant_id": "b9d9c7d6-b88b-4856-9130-d19c9cd71e79",
            "timeouts": null,
            "vault_uri": "https://myclient-dev-keyvault.vault.azure.net/"
          },
          "sensitive_attributes": [],
          "private": "eyJlMmJmYjczMC1lY2FhLTExZTYtOGY4OC0zNDM2M2JjN2M0YzAiOnsiY3JlYXRlIjoxODAwMDAwMDAwMDAwLCJkZWxldGUiOjE4MDAwMDAwMDAwMDAsInJlYWQiOjMwMDAwMDAwMDAwMCwidXBkYXRlIjoxODAwMDAwMDAwMDAwfSwic2NoZW1hX3ZlcnNpb24iOiIyIn0=",
          "dependencies": [
            "module.keyvault_secret.data.azurerm_client_config.current"
          ]
        }
      ]
    },
    {
      "module": "module.keyvault_secret",
      "mode": "managed",
      "type": "local_file",
      "name": "secret_file",
      "provider": "provider[\"registry.terraform.io/hashicorp/local\"]",
      "instances": [
        {
          "schema_version": 0,
          "attributes": {
            "content": "fd1@Ovd394VzGz0qT9nBeyVewXY_T3Fg%7rA7z4cDkIPjFl6esABg2qms1ugNuyD",
            "content_base64": null,
            "content_base64sha256": "cQ7WCsQUu7v/L57LNFMdQAAuyAWclHnJbiSZUEuTfYw=",
            "content_base64sha512": "8orpnZc423VLVxvByOMbeMy06l63xefm8nMCGY47KyYYi7iIRFPpyMf75AHJrQEU6LkwK0PzlCWLVpdRQnFqcA==",
            "content_md5": "ca06a719bb1d763fb4df035f71002840",
            "content_sha1": "ccd0506368c2a283f420473f453bad397e8e364b",
            "content_sha256": "710ed60ac414bbbbff2f9ecb34531d40002ec8059c9479c96e2499504b937d8c",
            "content_sha512": "f28ae99d9738db754b571bc1c8e31b78ccb4ea5eb7c5e7e6f27302198e3b2b26188bb8884453e9c8c7fbe401c9ad0114e8b9302b43f394258b56975142716a70",
            "directory_permission": "0777",
            "file_permission": "0777",
            "filename": "output.tf",
            "id": "ccd0506368c2a283f420473f453bad397e8e364b",
            "sensitive_content": null,
            "source": null
          },
          "sensitive_attributes": [
            [
              {
                "type": "get_attr",
                "value": "content"
              }
            ]
          ],
          "dependencies": [
            "module.keyvault_secret.random_password.keyvault_secret"
          ]
        }
      ]
    },
    {
      "module": "module.keyvault_secret",
      "mode": "managed",
      "type": "random_password",
      "name": "keyvault_secret",
      "provider": "provider[\"registry.terraform.io/hashicorp/random\"]",
      "instances": [
        {
          "schema_version": 3,
          "attributes": {
            "bcrypt_hash": "$2a$10$XauQx3PNH0Tj1mPO9PN6KuShCSLlI6FDFyroL7PVyNlSjnmwpmbNu",
            "id": "none",
            "keepers": null,
            "length": 64,
            "lower": true,
            "min_lower": 0,
            "min_numeric": 0,
            "min_special": 0,
            "min_upper": 0,
            "number": true,
            "numeric": true,
            "override_special": "_%@",
            "result": "fd1@Ovd394VzGz0qT9nBeyVewXY_T3Fg%7rA7z4cDkIPjFl6esABg2qms1ugNuyD",
            "special": true,
            "upper": true
          },
          "sensitive_attributes": []
        }
      ]
    }
  ],
  "check_results": null
}
